
Microsoft Visual Studio Solution File, Format Version 12.00
# Visual Studio Version 17
VisualStudioVersion = 17.0.32014.148
MinimumVisualStudioVersion = 10.0.40219.1
Project("{FAE04EC0-301F-11D3-BF4B-00C04F79EFBC}") = "xadrez-console", "xadrez-console\xadrez-console.csproj", "{30F2B972-E69A-444C-979F-CF63B18CD4DB}"
EndProject
Global
	GlobalSection(SolutionConfigurationPlatforms) = preSolution
		Debug|Any CPU = Debug|Any CPU
		Release|Any CPU = Release|Any CPU
	EndGlobalSection
	GlobalSection(ProjectConfigurationPlatforms) = postSolution
		{30F2B972-E69A-444C-979F-CF63B18CD4DB}.Debug|Any CPU.ActiveCfg = Debug|Any CPU
		{30F2B972-E69A-444C-979F-CF63B18CD4DB}.Debug|Any CPU.Build.0 = Debug|Any CPU
		{30F2B972-E69A-444C-979F-CF63B18CD4DB}.Release|Any CPU.ActiveCfg = Release|Any CPU
		{30F2B972-E69A-444C-979F-CF63B18CD4DB}.Release|Any CPU.Build.0 = Release|Any CPU
	EndGlobalSection
	GlobalSection(SolutionProperties) = preSolution
		HideSolutionNode = FALSE
	EndGlobalSection
	GlobalSection(ExtensibilityGlobals) = postSolution
		SolutionGuid = {43A8A063-73BA-4D58-A907-FD387A54F9A4}
	EndGlobalSection
EndGlobal
